
Microsoft Visual Studio Solution File, Format Version 12.00
Project("{FAE04EC0-301F-11D3-BF4B-00C04F79EFBC}") = "Interfaces", "Interfaces\Interfaces.csproj", "{53F2A2F0-1384-4531-933B-47AD18A0A42C}"
EndProject
Global
	GlobalSection(SolutionConfigurationPlatforms) = preSolution
		Debug|Any CPU = Debug|Any CPU
		Release|Any CPU = Release|Any CPU
	EndGlobalSection
	GlobalSection(ProjectConfigurationPlatforms) = postSolution
		{53F2A2F0-1384-4531-933B-47AD18A0A42C}.Debug|Any CPU.ActiveCfg = Debug|Any CPU
		{53F2A2F0-1384-4531-933B-47AD18A0A42C}.Debug|Any CPU.Build.0 = Debug|Any CPU
		{53F2A2F0-1384-4531-933B-47AD18A0A42C}.Release|Any CPU.ActiveCfg = Release|Any CPU
		{53F2A2F0-1384-4531-933B-47AD18A0A42C}.Release|Any CPU.Build.0 = Release|Any CPU
	EndGlobalSection
EndGlobal
